// !$*UTF8*$!
{
	archiveVersion = 1;
	classes = {
	};
	objectVersion = 50;
	objects = {

/* Begin PBXBuildFile section */
		CC0DA910228D9F6700D0D2B1 /* MealTableViewCell.swift in Sources */ = {isa = PBXBuildFile; fileRef = CC0DA90F228D9F6700D0D2B1 /* MealTableViewCell.swift */; };
		CC0DA912228DA00C00D0D2B1 /* MealTableViewController.swift in Sources */ = {isa = PBXBuildFile; fileRef = CC0DA911228DA00C00D0D2B1 /* MealTableViewController.swift */; };
		CC0DA915228DA09A00D0D2B1 /* MealController.swift in Sources */ = {isa = PBXBuildFile; fileRef = CC0DA914228DA09A00D0D2B1 /* MealController.swift */; };
		CC0DA917228DA14000D0D2B1 /* Meal.swift in Sources */ = {isa = PBXBuildFile; fileRef = CC0DA916228DA14000D0D2B1 /* Meal.swift */; };
		CCE443A0228C6C9400873127 /* AppDelegate.swift in Sources */ = {isa = PBXBuildFile; fileRef = CCE4439F228C6C9400873127 /* AppDelegate.swift */; };
		CCE443A2228C6C9400873127 /* CreateMealViewController.swift in Sources */ = {isa = PBXBuildFile; fileRef = CCE443A1228C6C9400873127 /* CreateMealViewController.swift */; };
		CCE443A5228C6C9400873127 /* Main.storyboard in Resources */ = {isa = PBXBuildFile; fileRef = CCE443A3228C6C9400873127 /* Main.storyboard */; };
		CCE443A7228C6C9500873127 /* Assets.xcassets in Resources */ = {isa = PBXBuildFile; fileRef = CCE443A6228C6C9500873127 /* Assets.xcassets */; };
		CCE443AA228C6C9500873127 /* LaunchScreen.storyboard in Resources */ = {isa = PBXBuildFile; fileRef = CCE443A8228C6C9500873127 /* LaunchScreen.storyboard */; };
/* End PBXBuildFile section */

/* Begin PBXFileReference section */
		CC0DA90F228D9F6700D0D2B1 /* MealTableViewCell.swift */ = {isa = PBXFileReference; lastKnownFileType = sourcecode.swift; path = MealTableViewCell.swift; sourceTree = "<group>"; };
		CC0DA911228DA00C00D0D2B1 /* MealTableViewController.swift */ = {isa = PBXFileReference; lastKnownFileType = sourcecode.swift; path = MealTableViewController.swift; sourceTree = "<group>"; };
		CC0DA914228DA09A00D0D2B1 /* MealController.swift */ = {isa = PBXFileReference; lastKnownFileType = sourcecode.swift; path = MealController.swift; sourceTree = "<group>"; };
		CC0DA916228DA14000D0D2B1 /* Meal.swift */ = {isa = PBXFileReference; lastKnownFileType = sourcecode.swift; path = Meal.swift; sourceTree = "<group>"; };
		CCE4439C228C6C9300873127 /* mtech-coding-challenge-two.app */ = {isa = PBXFileReference; explicitFileType = wrapper.application; includeInIndex = 0; path = "mtech-coding-challenge-two.app"; sourceTree = BUILT_PRODUCTS_DIR; };
		CCE4439F228C6C9400873127 /* AppDelegate.swift */ = {isa = PBXFileReference; lastKnownFileType = sourcecode.swift; path = AppDelegate.swift; sourceTree = "<group>"; };
		CCE443A1228C6C9400873127 /* CreateMealViewController.swift */ = {isa = PBXFileReference; lastKnownFileType = sourcecode.swift; path = CreateMealViewController.swift; sourceTree = "<group>"; };
		CCE443A4228C6C9400873127 /* Base */ = {isa = PBXFileReference; lastKnownFileType = file.storyboard; name = Base; path = Base.lproj/Main.storyboard; sourceTree = "<group>"; };
		CCE443A6228C6C9500873127 /* Assets.xcassets */ = {isa = PBXFileReference; lastKnownFileType = folder.assetcatalog; path = Assets.xcassets; sourceTree = "<group>"; };
		CCE443A9228C6C9500873127 /* Base */ = {isa = PBXFileReference; lastKnownFileType = file.storyboard; name = Base; path = Base.lproj/LaunchScreen.storyboard; sourceTree = "<group>"; };
		CCE443AB228C6C9500873127 /* Info.plist */ = {isa = PBXFileReference; lastKnownFileType = text.plist.xml; path = Info.plist; sourceTree = "<group>"; };
/* End PBXFileReference section */

/* Begin PBXFrameworksBuildPhase section */
		CCE44399228C6C9300873127 /* Frameworks */ = {
			isa = PBXFrameworksBuildPhase;
			buildActionMask = 2147483647;
			files = (
			);
			runOnlyForDeploymentPostprocessing = 0;
		};
/* End PBXFrameworksBuildPhase section */

/* Begin PBXGroup section */
		CC0DA913228DA06800D0D2B1 /* ModelControllers */ = {
			isa = PBXGroup;
			children = (
				CC0DA914228DA09A00D0D2B1 /* MealController.swift */,
			);
			path = ModelControllers;
			sourceTree = "<group>";
		};
		CCE44393228C6C9300873127 = {
			isa = PBXGroup;
			children = (
				CCE4439E228C6C9300873127 /* mtech-coding-challenge-two */,
				CCE4439D228C6C9300873127 /* Products */,
			);
			sourceTree = "<group>";
		};
		CCE4439D228C6C9300873127 /* Products */ = {
			isa = PBXGroup;
			children = (
				CCE4439C228C6C9300873127 /* mtech-coding-challenge-two.app */,
			);
			name = Products;
			sourceTree = "<group>";
		};
		CCE4439E228C6C9300873127 /* mtech-coding-challenge-two */ = {
			isa = PBXGroup;
			children = (
				CCE443B3228C6DBF00873127 /* Views and Assets */,
				CCE443B2228C6DBE00873127 /* Controllers */,
				CCE443B1228C6DBA00873127 /* Models */,
				CCE4439F228C6C9400873127 /* AppDelegate.swift */,
				CCE443AB228C6C9500873127 /* Info.plist */,
			);
			path = "mtech-coding-challenge-two";
			sourceTree = "<group>";
		};
		CCE443B1228C6DBA00873127 /* Models */ = {
			isa = PBXGroup;
			children = (
				CC0DA90F228D9F6700D0D2B1 /* MealTableViewCell.swift */,
				CC0DA916228DA14000D0D2B1 /* Meal.swift */,
			);
			path = Models;
			sourceTree = "<group>";
		};
		CCE443B2228C6DBE00873127 /* Controllers */ = {
			isa = PBXGroup;
			children = (
				CC0DA913228DA06800D0D2B1 /* ModelControllers */,
				CCE443A1228C6C9400873127 /* CreateMealViewController.swift */,
				CC0DA911228DA00C00D0D2B1 /* MealTableViewController.swift */,
			);
			path = Controllers;
			sourceTree = "<group>";
		};
		CCE443B3228C6DBF00873127 /* Views and Assets */ = {
			isa = PBXGroup;
			children = (
				CCE443A3228C6C9400873127 /* Main.storyboard */,
				CCE443A8228C6C9500873127 /* LaunchScreen.storyboard */,
				CCE443A6228C6C9500873127 /* Assets.xcassets */,
			);
			path = "Views and Assets";
			sourceTree = "<group>";
		};
/* End PBXGroup section */

/* Begin PBXNativeTarget section */
		CCE4439B228C6C9300873127 /* mtech-coding-challenge-two */ = {
			isa = PBXNativeTarget;
			buildConfigurationList = CCE443AE228C6C9600873127 /* Build configuration list for PBXNativeTarget "mtech-coding-challenge-two" */;
			buildPhases = (
				CCE44398228C6C9300873127 /* Sources */,
				CCE44399228C6C9300873127 /* Frameworks */,
				CCE4439A228C6C9300873127 /* Resources */,
			);
			buildRules = (
			);
			dependencies = (
			);
			name = "mtech-coding-challenge-two";
			productName = "mtech-coding-challenge-two";
			productReference = CCE4439C228C6C9300873127 /* mtech-coding-challenge-two.app */;
			productType = "com.apple.product-type.application";
		};
/* End PBXNativeTarget section */

/* Begin PBXProject section */
		CCE44394228C6C9300873127 /* Project object */ = {
			isa = PBXProject;
			attributes = {
				LastSwiftUpdateCheck = 1010;
				LastUpgradeCheck = 1010;
				ORGANIZATIONNAME = "Justin Snider";
				TargetAttributes = {
					CCE4439B228C6C9300873127 = {
						CreatedOnToolsVersion = 10.1;
						SystemCapabilities = {
							com.apple.ApplicationGroups.iOS = {
								enabled = 0;
							};
							com.apple.iCloud = {
								enabled = 1;
							};
						};
					};
				};
			};
			buildConfigurationList = CCE44397228C6C9300873127 /* Build configuration list for PBXProject "mtech-coding-challenge-two" */;
			compatibilityVersion = "Xcode 9.3";
			developmentRegion = en;
			hasScannedForEncodings = 0;
			knownRegions = (
				en,
				Base,
			);
			mainGroup = CCE44393228C6C9300873127;
			productRefGroup = CCE4439D228C6C9300873127 /* Products */;
			projectDirPath = "";
			projectRoot = "";
			targets = (
				CCE4439B228C6C9300873127 /* mtech-coding-challenge-two */,
			);
		};
/* End PBXProject section */

/* Begin PBXResourcesBuildPhase section */
		CCE4439A228C6C9300873127 /* Resources */ = {
			isa = PBXResourcesBuildPhase;
			buildActionMask = 2147483647;
			files = (
				CCE443AA228C6C9500873127 /* LaunchScreen.storyboard in Resources */,
				CCE443A7228C6C9500873127 /* Assets.xcassets in Resources */,
				CCE443A5228C6C9400873127 /* Main.storyboard in Resources */,
			);
			runOnlyForDeploymentPostprocessing = 0;
		};
/* End PBXResourcesBuildPhase section */

/* Begin PBXSourcesBuildPhase section */
		CCE44398228C6C9300873127 /* Sources */ = {
			isa = PBXSourcesBuildPhase;
			buildActionMask = 2147483647;
			files = (
				CCE443A2228C6C9400873127 /* CreateMealViewController.swift in Sources */,
				CCE443A0228C6C9400873127 /* AppDelegate.swift in Sources */,
				CC0DA915228DA09A00D0D2B1 /* MealController.swift in Sources */,
				CC0DA912228DA00C00D0D2B1 /* MealTableViewController.swift in Sources */,
				CC0DA917228DA14000D0D2B1 /* Meal.swift in Sources */,
				CC0DA910228D9F6700D0D2B1 /* MealTableViewCell.swift in Sources */,
			);
			runOnlyForDeploymentPostprocessing = 0;
		};
/* End PBXSourcesBuildPhase section */

/* Begin PBXVariantGroup section */
		CCE443A3228C6C9400873127 /* Main.storyboard */ = {
			isa = PBXVariantGroup;
			children = (
				CCE443A4228C6C9400873127 /* Base */,
			);
			name = Main.storyboard;
			sourceTree = "<group>";
		};
		CCE443A8228C6C9500873127 /* LaunchScreen.storyboard */ = {
			isa = PBXVariantGroup;
			children = (
				CCE443A9228C6C9500873127 /* Base */,
			);
			name = LaunchScreen.storyboard;
			sourceTree = "<group>";
		};
/* End PBXVariantGroup section */

/* Begin XCBuildConfiguration section */
		CCE443AC228C6C9500873127 /* Debug */ = {
			isa = XCBuildConfiguration;
			buildSettings = {
				ALWAYS_SEARCH_USER_PATHS = NO;
				CLANG_ANALYZER_NONNULL = YES;
				CLANG_ANALYZER_NUMBER_OBJECT_CONVERSION = YES_AGGRESSIVE;
				CLANG_CXX_LANGUAGE_STANDARD = "gnu++14";
				CLANG_CXX_LIBRARY = "libc++";
				CLANG_ENABLE_MODULES = YES;
				CLANG_ENABLE_OBJC_ARC = YES;
				CLANG_ENABLE_OBJC_WEAK = YES;
				CLANG_WARN_BLOCK_CAPTURE_AUTORELEASING = YES;
				CLANG_WARN_BOOL_CONVERSION = YES;
				CLANG_WARN_COMMA = YES;
				CLANG_WARN_CONSTANT_CONVERSION = YES;
				CLANG_WARN_DEPRECATED_OBJC_IMPLEMENTATIONS = YES;
				CLANG_WARN_DIRECT_OBJC_ISA_USAGE = YES_ERROR;
				CLANG_WARN_DOCUMENTATION_COMMENTS = YES;
				CLANG_WARN_EMPTY_BODY = YES;
				CLANG_WARN_ENUM_CONVERSION = YES;
				CLANG_WARN_INFINITE_RECURSION = YES;
				CLANG_WARN_INT_CONVERSION = YES;
				CLANG_WARN_NON_LITERAL_NULL_CONVERSION = YES;
				CLANG_WARN_OBJC_IMPLICIT_RETAIN_SELF = YES;
				CLANG_WARN_OBJC_LITERAL_CONVERSION = YES;
				CLANG_WARN_OBJC_ROOT_CLASS = YES_ERROR;
				CLANG_WARN_RANGE_LOOP_ANALYSIS = YES;
				CLANG_WARN_STRICT_PROTOTYPES = YES;
				CLANG_WARN_SUSPICIOUS_MOVE = YES;
				CLANG_WARN_UNGUARDED_AVAILABILITY = YES_AGGRESSIVE;
				CLANG_WARN_UNREACHABLE_CODE = YES;
				CLANG_WARN__DUPLICATE_METHOD_MATCH = YES;
				CODE_SIGN_IDENTITY = "iPhone Developer";
				COPY_PHASE_STRIP = NO;
				DEBUG_INFORMATION_FORMAT = dwarf;
				ENABLE_STRICT_OBJC_MSGSEND = YES;
				ENABLE_TESTABILITY = YES;
				GCC_C_LANGUAGE_STANDARD = gnu11;
				GCC_DYNAMIC_NO_PIC = NO;
				GCC_NO_COMMON_BLOCKS = YES;
				GCC_OPTIMIZATION_LEVEL = 0;
				GCC_PREPROCESSOR_DEFINITIONS = (
					"DEBUG=1",
					"$(inherited)",
				);
				GCC_WARN_64_TO_32_BIT_CONVERSION = YES;
				GCC_WARN_ABOUT_RETURN_TYPE = YES_ERROR;
				GCC_WARN_UNDECLARED_SELECTOR = YES;
				GCC_WARN_UNINITIALIZED_AUTOS = YES_AGGRESSIVE;
				GCC_WARN_UNUSED_FUNCTION = YES;
				GCC_WARN_UNUSED_VARIABLE = YES;
				IPHONEOS_DEPLOYMENT_TARGET = 12.1;
				MTL_ENABLE_DEBUG_INFO = INCLUDE_SOURCE;
				MTL_FAST_MATH = YES;
				ONLY_ACTIVE_ARCH = YES;
				SDKROOT = iphoneos;
				SWIFT_ACTIVE_COMPILATION_CONDITIONS = DEBUG;
				SWIFT_OPTIMIZATION_LEVEL = "-Onone";
			};
			name = Debug;
		};
		CCE443AD228C6C9500873127 /* Release */ = {
			isa = XCBuildConfiguration;
			buildSettings = {
				ALWAYS_SEARCH_USER_PATHS = NO;
				CLANG_ANALYZER_NONNULL = YES;
				CLANG_ANALYZER_NUMBER_OBJECT_CONVERSION = YES_AGGRESSIVE;
				CLANG_CXX_LANGUAGE_STANDARD = "gnu++14";
				CLANG_CXX_LIBRARY = "libc++";
				CLANG_ENABLE_MODULES = YES;
				CLANG_ENABLE_OBJC_ARC = YES;
				CLANG_ENABLE_OBJC_WEAK = YES;
				CLANG_WARN_BLOCK_CAPTURE_AUTORELEASING = YES;
				CLANG_WARN_BOOL_CONVERSION = YES;
				CLANG_WARN_COMMA = YES;
				CLANG_WARN_CONSTANT_CONVERSION = YES;
				CLANG_WARN_DEPRECATED_OBJC_IMPLEMENTATIONS = YES;
				CLANG_WARN_DIRECT_OBJC_ISA_USAGE = YES_ERROR;
				CLANG_WARN_DOCUMENTATION_COMMENTS = YES;
				CLANG_WARN_EMPTY_BODY = YES;
				CLANG_WARN_ENUM_CONVERSION = YES;
				CLANG_WARN_INFINITE_RECURSION = YES;
				CLANG_WARN_INT_CONVERSION = YES;
				CLANG_WARN_NON_LITERAL_NULL_CONVERSION = YES;
				CLANG_WARN_OBJC_IMPLICIT_RETAIN_SELF = YES;
				CLANG_WARN_OBJC_LITERAL_CONVERSION = YES;
				CLANG_WARN_OBJC_ROOT_CLASS = YES_ERROR;
				CLANG_WARN_RANGE_LOOP_ANALYSIS = YES;
				CLANG_WARN_STRICT_PROTOTYPES = YES;
				CLANG_WARN_SUSPICIOUS_MOVE = YES;
				CLANG_WARN_UNGUARDED_AVAILABILITY = YES_AGGRESSIVE;
				CLANG_WARN_UNREACHABLE_CODE = YES;
				CLANG_WARN__DUPLICATE_METHOD_MATCH = YES;
				CODE_SIGN_IDENTITY = "iPhone Developer";
				COPY_PHASE_STRIP = NO;
				DEBUG_INFORMATION_FORMAT = "dwarf-with-dsym";
				ENABLE_NS_ASSERTIONS = NO;
				ENABLE_STRICT_OBJC_MSGSEND = YES;
				GCC_C_LANGUAGE_STANDARD = gnu11;
				GCC_NO_COMMON_BLOCKS = YES;
				GCC_WARN_64_TO_32_BIT_CONVERSION = YES;
				GCC_WARN_ABOUT_RETURN_TYPE = YES_ERROR;
				GCC_WARN_UNDECLARED_SELECTOR = YES;
				GCC_WARN_UNINITIALIZED_AUTOS = YES_AGGRESSIVE;
				GCC_WARN_UNUSED_FUNCTION = YES;
				GCC_WARN_UNUSED_VARIABLE = YES;
				IPHONEOS_DEPLOYMENT_TARGET = 12.1;
				MTL_ENABLE_DEBUG_INFO = NO;
				MTL_FAST_MATH = YES;
				SDKROOT = iphoneos;
				SWIFT_COMPILATION_MODE = wholemodule;
				SWIFT_OPTIMIZATION_LEVEL = "-O";
				VALIDATE_PRODUCT = YES;
			};
			name = Release;
		};
		CCE443AF228C6C9600873127 /* Debug */ = {
			isa = XCBuildConfiguration;
			buildSettings = {
				ASSETCATALOG_COMPILER_APPICON_NAME = AppIcon;
				CODE_SIGN_ENTITLEMENTS = "mtech-coding-challenge-two/mtech-coding-challenge-two.entitlements";
				CODE_SIGN_STYLE = Automatic;
				DEVELOPMENT_TEAM = 6JHB3FKAQY;
				INFOPLIST_FILE = "mtech-coding-challenge-two/Info.plist";
				LD_RUNPATH_SEARCH_PATHS = (
					"$(inherited)",
					"@executable_path/Frameworks",
				);
				PRODUCT_BUNDLE_IDENTIFIER = "com.example.mtech-coding-challenge-two";
				PRODUCT_NAME = "$(TARGET_NAME)";
				SWIFT_VERSION = 4.2;
				TARGETED_DEVICE_FAMILY = "1,2";
			};
			name = Debug;
		};
		CCE443B0228C6C9600873127 /* Release */ = {
			isa = XCBuildConfiguration;
			buildSettings = {
				ASSETCATALOG_COMPILER_APPICON_NAME = AppIcon;
				CODE_SIGN_ENTITLEMENTS = "mtech-coding-challenge-two/mtech-coding-challenge-two.entitlements";
				CODE_SIGN_STYLE = Automatic;
				DEVELOPMENT_TEAM = 6JHB3FKAQY;
				INFOPLIST_FILE = "mtech-coding-challenge-two/Info.plist";
				LD_RUNPATH_SEARCH_PATHS = (
					"$(inherited)",
					"@executable_path/Frameworks",
				);
				PRODUCT_BUNDLE_IDENTIFIER = "com.example.mtech-coding-challenge-two";
				PRODUCT_NAME = "$(TARGET_NAME)";
				SWIFT_VERSION = 4.2;
				TARGETED_DEVICE_FAMILY = "1,2";
			};
			name = Release;
		};
/* End XCBuildConfiguration section */

/* Begin XCConfigurationList section */
		CCE44397228C6C9300873127 /* Build configuration list for PBXProject "mtech-coding-challenge-two" */ = {
			isa = XCConfigurationList;
			buildConfigurations = (
				CCE443AC228C6C9500873127 /* Debug */,
				CCE443AD228C6C9500873127 /* Release */,
			);
			defaultConfigurationIsVisible = 0;
			defaultConfigurationName = Release;
		};
		CCE443AE228C6C9600873127 /* Build configuration list for PBXNativeTarget "mtech-coding-challenge-two" */ = {
			isa = XCConfigurationList;
			buildConfigurations = (
				CCE443AF228C6C9600873127 /* Debug */,
				CCE443B0228C6C9600873127 /* Release */,
			);
			defaultConfigurationIsVisible = 0;
			defaultConfigurationName = Release;
		};
/* End XCConfigurationList section */
	};
	rootObject = CCE44394228C6C9300873127 /* Project object */;
}
